
Microsoft Visual Studio Solution File, Format Version 12.00
# Visual Studio Version 17
VisualStudioVersion = 17.7.34031.279
MinimumVisualStudioVersion = 10.0.40219.1
Project("{FAE04EC0-301F-11D3-BF4B-00C04F79EFBC}") = "JokesWebApp", "JokesWebApp.csproj", "{12245CD3-272C-42F3-8D0A-52CD90B520BE}"
EndProject
Global
	GlobalSection(SolutionConfigurationPlatforms) = preSolution
		Debug|Any CPU = Debug|Any CPU
		Release|Any CPU = Release|Any CPU
	EndGlobalSection
	GlobalSection(ProjectConfigurationPlatforms) = postSolution
		{12245CD3-272C-42F3-8D0A-52CD90B520BE}.Debug|Any CPU.ActiveCfg = Debug|Any CPU
		{12245CD3-272C-42F3-8D0A-52CD90B520BE}.Debug|Any CPU.Build.0 = Debug|Any CPU
		{12245CD3-272C-42F3-8D0A-52CD90B520BE}.Release|Any CPU.ActiveCfg = Release|Any CPU
		{12245CD3-272C-42F3-8D0A-52CD90B520BE}.Release|Any CPU.Build.0 = Release|Any CPU
	EndGlobalSection
	GlobalSection(SolutionProperties) = preSolution
		HideSolutionNode = FALSE
	EndGlobalSection
	GlobalSection(ExtensibilityGlobals) = postSolution
		SolutionGuid = {AC8A0E5B-57E1-48BA-A4FA-479452ED4EA3}
	EndGlobalSection
EndGlobal
